
Microsoft Visual Studio Solution File, Format Version 12.00
# Visual Studio Version 17
VisualStudioVersion = 17.1.32319.34
MinimumVisualStudioVersion = 10.0.40219.1
Project("{FAE04EC0-301F-11D3-BF4B-00C04F79EFBC}") = "GribovaPUB", "GribovaPUB\GribovaPUB.csproj", "{94D500DB-78FF-49E5-998D-89784969031E}"
EndProject
Global
	GlobalSection(SolutionConfigurationPlatforms) = preSolution
		Debug|Any CPU = Debug|Any CPU
		Release|Any CPU = Release|Any CPU
	EndGlobalSection
	GlobalSection(ProjectConfigurationPlatforms) = postSolution
		{94D500DB-78FF-49E5-998D-89784969031E}.Debug|Any CPU.ActiveCfg = Debug|Any CPU
		{94D500DB-78FF-49E5-998D-89784969031E}.Debug|Any CPU.Build.0 = Debug|Any CPU
		{94D500DB-78FF-49E5-998D-89784969031E}.Release|Any CPU.ActiveCfg = Release|Any CPU
		{94D500DB-78FF-49E5-998D-89784969031E}.Release|Any CPU.Build.0 = Release|Any CPU
	EndGlobalSection
	GlobalSection(SolutionProperties) = preSolution
		HideSolutionNode = FALSE
	EndGlobalSection
	GlobalSection(ExtensibilityGlobals) = postSolution
		SolutionGuid = {B590B400-0F65-4E81-9EB9-04A0556D3F65}
	EndGlobalSection
EndGlobal
